
Microsoft Visual Studio Solution File, Format Version 12.00
# Visual Studio Version 18
VisualStudioVersion = 18.1.11312.151
MinimumVisualStudioVersion = 10.0.40219.1
Project("{2150E333-8FDC-42A3-9474-1A3956D46DE8}") = "services", "services", "{5DB619BB-1C94-41F3-AF84-8EDDA4941AC6}"
EndProject
Project("{2150E333-8FDC-42A3-9474-1A3956D46DE8}") = "catalog", "catalog", "{371E2518-F9B4-4293-83EB-E89EDFDFB256}"
EndProject
Project("{FAE04EC0-301F-11D3-BF4B-00C04F79EFBC}") = "Catalog.API", "services\catalog\Catalog.API\Catalog.API.csproj", "{08C4D6A3-575C-4584-825C-BC61621EDBA4}"
EndProject
Project("{FAE04EC0-301F-11D3-BF4B-00C04F79EFBC}") = "Catalog.Application", "services\catalog\Catalog.Application\Catalog.Application.csproj", "{3F705C10-ECAE-467B-9213-E6FEC887DC24}"
EndProject
Project("{FAE04EC0-301F-11D3-BF4B-00C04F79EFBC}") = "Catalog.Core", "services\catalog\Catalog.Core\Catalog.Core.csproj", "{D75A6160-448E-4BD6-8E6B-E909877F9320}"
EndProject
Project("{FAE04EC0-301F-11D3-BF4B-00C04F79EFBC}") = "Catalog.Infrastructure", "services\catalog\Catalog.Infrastructure\Catalog.Infrastructure.csproj", "{0196F738-14D4-440C-B2A1-2F7815C453E8}"
EndProject
Project("{E53339B2-1760-4266-BCC7-CA923CBCF16C}") = "docker-compose", "docker-compose.dcproj", "{81DDED9D-158B-E303-5F62-77A2896D2A5A}"
EndProject
Project("{2150E333-8FDC-42A3-9474-1A3956D46DE8}") = "Basket", "Basket", "{27C496BB-B678-405F-AFB2-BEF720E9B7EB}"
EndProject
Project("{FAE04EC0-301F-11D3-BF4B-00C04F79EFBC}") = "Basket.Api", "services\Basket\Basket.Api\Basket.Api.csproj", "{61796181-5B74-45E3-B20B-5F5ED8645453}"
EndProject
Project("{FAE04EC0-301F-11D3-BF4B-00C04F79EFBC}") = "Basket.Application", "..\Basket.Application\Basket.Application.csproj", "{2894BE83-907D-4A99-ABF1-8A3A6149F02A}"
EndProject
Project("{FAE04EC0-301F-11D3-BF4B-00C04F79EFBC}") = "Basket.Core", "services\Basket\Basket.Core\Basket.Core.csproj", "{11891547-24CB-4CB7-9BB9-A491C224B159}"
EndProject
Project("{FAE04EC0-301F-11D3-BF4B-00C04F79EFBC}") = "Basket.Infrastructure", "services\Basket\Basket.Infrastructure\Basket.Infrastructure.csproj", "{4A790C60-F589-4584-9796-B587FA9B4BE3}"
EndProject
Global
	GlobalSection(SolutionConfigurationPlatforms) = preSolution
		Debug|Any CPU = Debug|Any CPU
		Release|Any CPU = Release|Any CPU
	EndGlobalSection
	GlobalSection(ProjectConfigurationPlatforms) = postSolution
		{08C4D6A3-575C-4584-825C-BC61621EDBA4}.Debug|Any CPU.ActiveCfg = Debug|Any CPU
		{08C4D6A3-575C-4584-825C-BC61621EDBA4}.Debug|Any CPU.Build.0 = Debug|Any CPU
		{08C4D6A3-575C-4584-825C-BC61621EDBA4}.Release|Any CPU.ActiveCfg = Release|Any CPU
		{08C4D6A3-575C-4584-825C-BC61621EDBA4}.Release|Any CPU.Build.0 = Release|Any CPU
		{3F705C10-ECAE-467B-9213-E6FEC887DC24}.Debug|Any CPU.ActiveCfg = Debug|Any CPU
		{3F705C10-ECAE-467B-9213-E6FEC887DC24}.Debug|Any CPU.Build.0 = Debug|Any CPU
		{3F705C10-ECAE-467B-9213-E6FEC887DC24}.Release|Any CPU.ActiveCfg = Release|Any CPU
		{3F705C10-ECAE-467B-9213-E6FEC887DC24}.Release|Any CPU.Build.0 = Release|Any CPU
		{D75A6160-448E-4BD6-8E6B-E909877F9320}.Debug|Any CPU.ActiveCfg = Debug|Any CPU
		{D75A6160-448E-4BD6-8E6B-E909877F9320}.Debug|Any CPU.Build.0 = Debug|Any CPU
		{D75A6160-448E-4BD6-8E6B-E909877F9320}.Release|Any CPU.ActiveCfg = Release|Any CPU
		{D75A6160-448E-4BD6-8E6B-E909877F9320}.Release|Any CPU.Build.0 = Release|Any CPU
		{0196F738-14D4-440C-B2A1-2F7815C453E8}.Debug|Any CPU.ActiveCfg = Debug|Any CPU
		{0196F738-14D4-440C-B2A1-2F7815C453E8}.Debug|Any CPU.Build.0 = Debug|Any CPU
		{0196F738-14D4-440C-B2A1-2F7815C453E8}.Release|Any CPU.ActiveCfg = Release|Any CPU
		{0196F738-14D4-440C-B2A1-2F7815C453E8}.Release|Any CPU.Build.0 = Release|Any CPU
		{81DDED9D-158B-E303-5F62-77A2896D2A5A}.Debug|Any CPU.ActiveCfg = Debug|Any CPU
		{81DDED9D-158B-E303-5F62-77A2896D2A5A}.Debug|Any CPU.Build.0 = Debug|Any CPU
		{81DDED9D-158B-E303-5F62-77A2896D2A5A}.Release|Any CPU.ActiveCfg = Release|Any CPU
		{81DDED9D-158B-E303-5F62-77A2896D2A5A}.Release|Any CPU.Build.0 = Release|Any CPU
		{61796181-5B74-45E3-B20B-5F5ED8645453}.Debug|Any CPU.ActiveCfg = Debug|Any CPU
		{61796181-5B74-45E3-B20B-5F5ED8645453}.Debug|Any CPU.Build.0 = Debug|Any CPU
		{61796181-5B74-45E3-B20B-5F5ED8645453}.Release|Any CPU.ActiveCfg = Release|Any CPU
		{61796181-5B74-45E3-B20B-5F5ED8645453}.Release|Any CPU.Build.0 = Release|Any CPU
		{2894BE83-907D-4A99-ABF1-8A3A6149F02A}.Debug|Any CPU.ActiveCfg = Debug|Any CPU
		{2894BE83-907D-4A99-ABF1-8A3A6149F02A}.Debug|Any CPU.Build.0 = Debug|Any CPU
		{2894BE83-907D-4A99-ABF1-8A3A6149F02A}.Release|Any CPU.ActiveCfg = Release|Any CPU
		{2894BE83-907D-4A99-ABF1-8A3A6149F02A}.Release|Any CPU.Build.0 = Release|Any CPU
		{11891547-24CB-4CB7-9BB9-A491C224B159}.Debug|Any CPU.ActiveCfg = Debug|Any CPU
		{11891547-24CB-4CB7-9BB9-A491C224B159}.Debug|Any CPU.Build.0 = Debug|Any CPU
		{11891547-24CB-4CB7-9BB9-A491C224B159}.Release|Any CPU.ActiveCfg = Release|Any CPU
		{11891547-24CB-4CB7-9BB9-A491C224B159}.Release|Any CPU.Build.0 = Release|Any CPU
		{4A790C60-F589-4584-9796-B587FA9B4BE3}.Debug|Any CPU.ActiveCfg = Debug|Any CPU
		{4A790C60-F589-4584-9796-B587FA9B4BE3}.Debug|Any CPU.Build.0 = Debug|Any CPU
		{4A790C60-F589-4584-9796-B587FA9B4BE3}.Release|Any CPU.ActiveCfg = Release|Any CPU
		{4A790C60-F589-4584-9796-B587FA9B4BE3}.Release|Any CPU.Build.0 = Release|Any CPU
	EndGlobalSection
	GlobalSection(SolutionProperties) = preSolution
		HideSolutionNode = FALSE
	EndGlobalSection
	GlobalSection(NestedProjects) = preSolution
		{371E2518-F9B4-4293-83EB-E89EDFDFB256} = {5DB619BB-1C94-41F3-AF84-8EDDA4941AC6}
		{08C4D6A3-575C-4584-825C-BC61621EDBA4} = {371E2518-F9B4-4293-83EB-E89EDFDFB256}
		{3F705C10-ECAE-467B-9213-E6FEC887DC24} = {371E2518-F9B4-4293-83EB-E89EDFDFB256}
		{D75A6160-448E-4BD6-8E6B-E909877F9320} = {371E2518-F9B4-4293-83EB-E89EDFDFB256}
		{0196F738-14D4-440C-B2A1-2F7815C453E8} = {371E2518-F9B4-4293-83EB-E89EDFDFB256}
		{27C496BB-B678-405F-AFB2-BEF720E9B7EB} = {5DB619BB-1C94-41F3-AF84-8EDDA4941AC6}
		{61796181-5B74-45E3-B20B-5F5ED8645453} = {27C496BB-B678-405F-AFB2-BEF720E9B7EB}
		{2894BE83-907D-4A99-ABF1-8A3A6149F02A} = {27C496BB-B678-405F-AFB2-BEF720E9B7EB}
		{11891547-24CB-4CB7-9BB9-A491C224B159} = {27C496BB-B678-405F-AFB2-BEF720E9B7EB}
		{4A790C60-F589-4584-9796-B587FA9B4BE3} = {27C496BB-B678-405F-AFB2-BEF720E9B7EB}
	EndGlobalSection
	GlobalSection(ExtensibilityGlobals) = postSolution
		SolutionGuid = {14129E39-967D-4367-981C-C38A97D84FD2}
	EndGlobalSection
EndGlobal
